// !$*UTF8*$!
{
	archiveVersion = 1;
	classes = {
	};
	objectVersion = 48;
	objects = {

/* Begin PBXBuildFile section */
		EC620D881FC89EBB00168668 /* AppDelegate.swift in Sources */ = {isa = PBXBuildFile; fileRef = EC620D871FC89EBB00168668 /* AppDelegate.swift */; };
		EC620D8A1FC89EBB00168668 /* ViewController.swift in Sources */ = {isa = PBXBuildFile; fileRef = EC620D891FC89EBB00168668 /* ViewController.swift */; };
		EC620D8D1FC89EBB00168668 /* Main.storyboard in Resources */ = {isa = PBXBuildFile; fileRef = EC620D8B1FC89EBB00168668 /* Main.storyboard */; };
		EC620D8F1FC89EBB00168668 /* Assets.xcassets in Resources */ = {isa = PBXBuildFile; fileRef = EC620D8E1FC89EBB00168668 /* Assets.xcassets */; };
		EC620D921FC89EBB00168668 /* LaunchScreen.storyboard in Resources */ = {isa = PBXBuildFile; fileRef = EC620D901FC89EBB00168668 /* LaunchScreen.storyboard */; };
		EC620D9D1FC89EBB00168668 /* SomDePlayTests.swift in Sources */ = {isa = PBXBuildFile; fileRef = EC620D9C1FC89EBB00168668 /* SomDePlayTests.swift */; };
/* End PBXBuildFile section */

/* Begin PBXContainerItemProxy section */
		EC620D991FC89EBB00168668 /* PBXContainerItemProxy */ = {
			isa = PBXContainerItemProxy;
			containerPortal = EC620D7C1FC89EBB00168668 /* Project object */;
			proxyType = 1;
			remoteGlobalIDString = EC620D831FC89EBB00168668;
			remoteInfo = SomDePlay;
		};
/* End PBXContainerItemProxy section */

/* Begin PBXFileReference section */
		EC620D841FC89EBB00168668 /* SomDePlay.app */ = {isa = PBXFileReference; explicitFileType = wrapper.application; includeInIndex = 0; path = SomDePlay.app; sourceTree = BUILT_PRODUCTS_DIR; };
		EC620D871FC89EBB00168668 /* AppDelegate.swift */ = {isa = PBXFileReference; lastKnownFileType = sourcecode.swift; path = AppDelegate.swift; sourceTree = "<group>"; };
		EC620D891FC89EBB00168668 /* ViewController.swift */ = {isa = PBXFileReference; lastKnownFileType = sourcecode.swift; path = ViewController.swift; sourceTree = "<group>"; };
		EC620D8C1FC89EBB00168668 /* Base */ = {isa = PBXFileReference; lastKnownFileType = file.storyboard; name = Base; path = Base.lproj/Main.storyboard; sourceTree = "<group>"; };
		EC620D8E1FC89EBB00168668 /* Assets.xcassets */ = {isa = PBXFileReference; lastKnownFileType = folder.assetcatalog; path = Assets.xcassets; sourceTree = "<group>"; };
		EC620D911FC89EBB00168668 /* Base */ = {isa = PBXFileReference; lastKnownFileType = file.storyboard; name = Base; path = Base.lproj/LaunchScreen.storyboard; sourceTree = "<group>"; };
		EC620D931FC89EBB00168668 /* SomDePlay-info.plist */ = {isa = PBXFileReference; lastKnownFileType = text.plist.xml; path = "SomDePlay-info.plist"; sourceTree = "<group>"; };
		EC620D981FC89EBB00168668 /* SomDePlayTests.xctest */ = {isa = PBXFileReference; explicitFileType = wrapper.cfbundle; includeInIndex = 0; path = SomDePlayTests.xctest; sourceTree = BUILT_PRODUCTS_DIR; };
		EC620D9C1FC89EBB00168668 /* SomDePlayTests.swift */ = {isa = PBXFileReference; lastKnownFileType = sourcecode.swift; path = SomDePlayTests.swift; sourceTree = "<group>"; };
		EC620D9E1FC89EBB00168668 /* Info.plist */ = {isa = PBXFileReference; lastKnownFileType = text.plist.xml; path = Info.plist; sourceTree = "<group>"; };
/* End PBXFileReference section */

/* Begin PBXFrameworksBuildPhase section */
		EC620D811FC89EBB00168668 /* Frameworks */ = {
			isa = PBXFrameworksBuildPhase;
			buildActionMask = 2147483647;
			files = (
			);
			runOnlyForDeploymentPostprocessing = 0;
		};
		EC620D951FC89EBB00168668 /* Frameworks */ = {
			isa = PBXFrameworksBuildPhase;
			buildActionMask = 2147483647;
			files = (
			);
			runOnlyForDeploymentPostprocessing = 0;
		};
/* End PBXFrameworksBuildPhase section */

/* Begin PBXGroup section */
		EC0C05F91FC8C67900D0D522 /* Application */ = {
			isa = PBXGroup;
			children = (
				EC0C05FB1FC8CC7100D0D522 /* Artist */,
				EC0C05FC1FC8CC8500D0D522 /* Album */,
			);
			path = Application;
			sourceTree = "<group>";
		};
		EC0C05FA1FC8C69200D0D522 /* Network */ = {
			isa = PBXGroup;
			children = (
			);
			path = Network;
			sourceTree = "<group>";
		};
		EC0C05FB1FC8CC7100D0D522 /* Artist */ = {
			isa = PBXGroup;
			children = (
				EC0C06021FC8CD2E00D0D522 /* View */,
				EC0C06011FC8CD2500D0D522 /* Router */,
				EC0C05FF1FC8CD1500D0D522 /* Presenter */,
				EC0C05FE1FC8CD0600D0D522 /* Interector */,
				EC0C05FD1FC8CCFE00D0D522 /* Entity */,
			);
			path = Artist;
			sourceTree = "<group>";
		};
		EC0C05FC1FC8CC8500D0D522 /* Album */ = {
			isa = PBXGroup;
			children = (
				EC0C06071FC8CD4D00D0D522 /* View */,
				EC0C06061FC8CD4600D0D522 /* Router */,
				EC0C06051FC8CD4100D0D522 /* Presenter */,
				EC0C06041FC8CD3C00D0D522 /* Interector */,
				EC0C06031FC8CD3500D0D522 /* Entity */,
			);
			path = Album;
			sourceTree = "<group>";
		};
		EC0C05FD1FC8CCFE00D0D522 /* Entity */ = {
			isa = PBXGroup;
			children = (
			);
			path = Entity;
			sourceTree = "<group>";
		};
		EC0C05FE1FC8CD0600D0D522 /* Interector */ = {
			isa = PBXGroup;
			children = (
			);
			path = Interector;
			sourceTree = "<group>";
		};
		EC0C05FF1FC8CD1500D0D522 /* Presenter */ = {
			isa = PBXGroup;
			children = (
			);
			path = Presenter;
			sourceTree = "<group>";
		};
		EC0C06011FC8CD2500D0D522 /* Router */ = {
			isa = PBXGroup;
			children = (
			);
			path = Router;
			sourceTree = "<group>";
		};
		EC0C06021FC8CD2E00D0D522 /* View */ = {
			isa = PBXGroup;
			children = (
			);
			path = View;
			sourceTree = "<group>";
		};
		EC0C06031FC8CD3500D0D522 /* Entity */ = {
			isa = PBXGroup;
			children = (
			);
			path = Entity;
			sourceTree = "<group>";
		};
		EC0C06041FC8CD3C00D0D522 /* Interector */ = {
			isa = PBXGroup;
			children = (
			);
			path = Interector;
			sourceTree = "<group>";
		};
		EC0C06051FC8CD4100D0D522 /* Presenter */ = {
			isa = PBXGroup;
			children = (
			);
			path = Presenter;
			sourceTree = "<group>";
		};
		EC0C06061FC8CD4600D0D522 /* Router */ = {
			isa = PBXGroup;
			children = (
			);
			path = Router;
			sourceTree = "<group>";
		};
		EC0C06071FC8CD4D00D0D522 /* View */ = {
			isa = PBXGroup;
			children = (
			);
			path = View;
			sourceTree = "<group>";
		};
		EC620D7B1FC89EBB00168668 = {
			isa = PBXGroup;
			children = (
				EC620D861FC89EBB00168668 /* SomDePlay */,
				EC620D9B1FC89EBB00168668 /* SomDePlayTests */,
				EC620D851FC89EBB00168668 /* Products */,
			);
			sourceTree = "<group>";
		};
		EC620D851FC89EBB00168668 /* Products */ = {
			isa = PBXGroup;
			children = (
				EC620D841FC89EBB00168668 /* SomDePlay.app */,
				EC620D981FC89EBB00168668 /* SomDePlayTests.xctest */,
			);
			name = Products;
			sourceTree = "<group>";
		};
		EC620D861FC89EBB00168668 /* SomDePlay */ = {
			isa = PBXGroup;
			children = (
				EC0C05F91FC8C67900D0D522 /* Application */,
				EC0C05FA1FC8C69200D0D522 /* Network */,
				EC620DA91FC8A6BB00168668 /* Common */,
				EC620DA81FC8A49000168668 /* AppDelegate */,
				EC620DA71FC8A45E00168668 /* Resources */,
				EC620D891FC89EBB00168668 /* ViewController.swift */,
				EC620D8B1FC89EBB00168668 /* Main.storyboard */,
			);
			path = SomDePlay;
			sourceTree = "<group>";
		};
		EC620D9B1FC89EBB00168668 /* SomDePlayTests */ = {
			isa = PBXGroup;
			children = (
				EC620D9C1FC89EBB00168668 /* SomDePlayTests.swift */,
				EC620D9E1FC89EBB00168668 /* Info.plist */,
			);
			path = SomDePlayTests;
			sourceTree = "<group>";
		};
		EC620DA71FC8A45E00168668 /* Resources */ = {
			isa = PBXGroup;
			children = (
				EC620D8E1FC89EBB00168668 /* Assets.xcassets */,
				EC620D901FC89EBB00168668 /* LaunchScreen.storyboard */,
				EC620D931FC89EBB00168668 /* SomDePlay-info.plist */,
			);
			path = Resources;
			sourceTree = "<group>";
		};
		EC620DA81FC8A49000168668 /* AppDelegate */ = {
			isa = PBXGroup;
			children = (
				EC620D871FC89EBB00168668 /* AppDelegate.swift */,
			);
			path = AppDelegate;
			sourceTree = "<group>";
		};
		EC620DA91FC8A6BB00168668 /* Common */ = {
			isa = PBXGroup;
			children = (
			);
			path = Common;
			sourceTree = "<group>";
		};
/* End PBXGroup section */

/* Begin PBXNativeTarget section */
		EC620D831FC89EBB00168668 /* SomDePlay */ = {
			isa = PBXNativeTarget;
			buildConfigurationList = EC620DA11FC89EBB00168668 /* Build configuration list for PBXNativeTarget "SomDePlay" */;
			buildPhases = (
				EC620D801FC89EBB00168668 /* Sources */,
				EC620D811FC89EBB00168668 /* Frameworks */,
				EC620D821FC89EBB00168668 /* Resources */,
			);
			buildRules = (
			);
			dependencies = (
			);
			name = SomDePlay;
			productName = SomDePlay;
			productReference = EC620D841FC89EBB00168668 /* SomDePlay.app */;
			productType = "com.apple.product-type.application";
		};
		EC620D971FC89EBB00168668 /* SomDePlayTests */ = {
			isa = PBXNativeTarget;
			buildConfigurationList = EC620DA41FC89EBB00168668 /* Build configuration list for PBXNativeTarget "SomDePlayTests" */;
			buildPhases = (
				EC620D941FC89EBB00168668 /* Sources */,
				EC620D951FC89EBB00168668 /* Frameworks */,
				EC620D961FC89EBB00168668 /* Resources */,
			);
			buildRules = (
			);
			dependencies = (
				EC620D9A1FC89EBB00168668 /* PBXTargetDependency */,
			);
			name = SomDePlayTests;
			productName = SomDePlayTests;
			productReference = EC620D981FC89EBB00168668 /* SomDePlayTests.xctest */;
			productType = "com.apple.product-type.bundle.unit-test";
		};
/* End PBXNativeTarget section */

/* Begin PBXProject section */
		EC620D7C1FC89EBB00168668 /* Project object */ = {
			isa = PBXProject;
			attributes = {
				LastSwiftUpdateCheck = 0910;
				LastUpgradeCheck = 0910;
				ORGANIZATIONNAME = "Lazaro Lima";
				TargetAttributes = {
					EC620D831FC89EBB00168668 = {
						CreatedOnToolsVersion = 9.1;
						ProvisioningStyle = Automatic;
					};
					EC620D971FC89EBB00168668 = {
						CreatedOnToolsVersion = 9.1;
						ProvisioningStyle = Automatic;
						TestTargetID = EC620D831FC89EBB00168668;
					};
				};
			};
			buildConfigurationList = EC620D7F1FC89EBB00168668 /* Build configuration list for PBXProject "SomDePlay" */;
			compatibilityVersion = "Xcode 8.0";
			developmentRegion = en;
			hasScannedForEncodings = 0;
			knownRegions = (
				en,
				Base,
			);
			mainGroup = EC620D7B1FC89EBB00168668;
			productRefGroup = EC620D851FC89EBB00168668 /* Products */;
			projectDirPath = "";
			projectRoot = "";
			targets = (
				EC620D831FC89EBB00168668 /* SomDePlay */,
				EC620D971FC89EBB00168668 /* SomDePlayTests */,
			);
		};
/* End PBXProject section */

/* Begin PBXResourcesBuildPhase section */
		EC620D821FC89EBB00168668 /* Resources */ = {
			isa = PBXResourcesBuildPhase;
			buildActionMask = 2147483647;
			files = (
				EC620D921FC89EBB00168668 /* LaunchScreen.storyboard in Resources */,
				EC620D8F1FC89EBB00168668 /* Assets.xcassets in Resources */,
				EC620D8D1FC89EBB00168668 /* Main.storyboard in Resources */,
			);
			runOnlyForDeploymentPostprocessing = 0;
		};
		EC620D961FC89EBB00168668 /* Resources */ = {
			isa = PBXResourcesBuildPhase;
			buildActionMask = 2147483647;
			files = (
			);
			runOnlyForDeploymentPostprocessing = 0;
		};
/* End PBXResourcesBuildPhase section */

/* Begin PBXSourcesBuildPhase section */
		EC620D801FC89EBB00168668 /* Sources */ = {
			isa = PBXSourcesBuildPhase;
			buildActionMask = 2147483647;
			files = (
				EC620D8A1FC89EBB00168668 /* ViewController.swift in Sources */,
				EC620D881FC89EBB00168668 /* AppDelegate.swift in Sources */,
			);
			runOnlyForDeploymentPostprocessing = 0;
		};
		EC620D941FC89EBB00168668 /* Sources */ = {
			isa = PBXSourcesBuildPhase;
			buildActionMask = 2147483647;
			files = (
				EC620D9D1FC89EBB00168668 /* SomDePlayTests.swift in Sources */,
			);
			runOnlyForDeploymentPostprocessing = 0;
		};
/* End PBXSourcesBuildPhase section */

/* Begin PBXTargetDependency section */
		EC620D9A1FC89EBB00168668 /* PBXTargetDependency */ = {
			isa = PBXTargetDependency;
			target = EC620D831FC89EBB00168668 /* SomDePlay */;
			targetProxy = EC620D991FC89EBB00168668 /* PBXContainerItemProxy */;
		};
/* End PBXTargetDependency section */

/* Begin PBXVariantGroup section */
		EC620D8B1FC89EBB00168668 /* Main.storyboard */ = {
			isa = PBXVariantGroup;
			children = (
				EC620D8C1FC89EBB00168668 /* Base */,
			);
			name = Main.storyboard;
			sourceTree = "<group>";
		};
		EC620D901FC89EBB00168668 /* LaunchScreen.storyboard */ = {
			isa = PBXVariantGroup;
			children = (
				EC620D911FC89EBB00168668 /* Base */,
			);
			name = LaunchScreen.storyboard;
			sourceTree = "<group>";
		};
/* End PBXVariantGroup section */

/* Begin XCBuildConfiguration section */
		EC620D9F1FC89EBB00168668 /* Debug */ = {
			isa = XCBuildConfiguration;
			buildSettings = {
				ALWAYS_SEARCH_USER_PATHS = NO;
				CLANG_ANALYZER_NONNULL = YES;
				CLANG_ANALYZER_NUMBER_OBJECT_CONVERSION = YES_AGGRESSIVE;
				CLANG_CXX_LANGUAGE_STANDARD = "gnu++14";
				CLANG_CXX_LIBRARY = "libc++";
				CLANG_ENABLE_MODULES = YES;
				CLANG_ENABLE_OBJC_ARC = YES;
				CLANG_WARN_BLOCK_CAPTURE_AUTORELEASING = YES;
				CLANG_WARN_BOOL_CONVERSION = YES;
				CLANG_WARN_COMMA = YES;
				CLANG_WARN_CONSTANT_CONVERSION = YES;
				CLANG_WARN_DIRECT_OBJC_ISA_USAGE = YES_ERROR;
				CLANG_WARN_DOCUMENTATION_COMMENTS = YES;
				CLANG_WARN_EMPTY_BODY = YES;
				CLANG_WARN_ENUM_CONVERSION = YES;
				CLANG_WARN_INFINITE_RECURSION = YES;
				CLANG_WARN_INT_CONVERSION = YES;
				CLANG_WARN_NON_LITERAL_NULL_CONVERSION = YES;
				CLANG_WARN_OBJC_LITERAL_CONVERSION = YES;
				CLANG_WARN_OBJC_ROOT_CLASS = YES_ERROR;
				CLANG_WARN_RANGE_LOOP_ANALYSIS = YES;
				CLANG_WARN_STRICT_PROTOTYPES = YES;
				CLANG_WARN_SUSPICIOUS_MOVE = YES;
				CLANG_WARN_UNGUARDED_AVAILABILITY = YES_AGGRESSIVE;
				CLANG_WARN_UNREACHABLE_CODE = YES;
				CLANG_WARN__DUPLICATE_METHOD_MATCH = YES;
				CODE_SIGN_IDENTITY = "iPhone Developer";
				COPY_PHASE_STRIP = NO;
				DEBUG_INFORMATION_FORMAT = dwarf;
				ENABLE_STRICT_OBJC_MSGSEND = YES;
				ENABLE_TESTABILITY = YES;
				GCC_C_LANGUAGE_STANDARD = gnu11;
				GCC_DYNAMIC_NO_PIC = NO;
				GCC_NO_COMMON_BLOCKS = YES;
				GCC_OPTIMIZATION_LEVEL = 0;
				GCC_PREPROCESSOR_DEFINITIONS = (
					"DEBUG=1",
					"$(inherited)",
				);
				GCC_WARN_64_TO_32_BIT_CONVERSION = YES;
				GCC_WARN_ABOUT_RETURN_TYPE = YES_ERROR;
				GCC_WARN_UNDECLARED_SELECTOR = YES;
				GCC_WARN_UNINITIALIZED_AUTOS = YES_AGGRESSIVE;
				GCC_WARN_UNUSED_FUNCTION = YES;
				GCC_WARN_UNUSED_VARIABLE = YES;
				IPHONEOS_DEPLOYMENT_TARGET = 11.1;
				MTL_ENABLE_DEBUG_INFO = YES;
				ONLY_ACTIVE_ARCH = YES;
				SDKROOT = iphoneos;
				SWIFT_ACTIVE_COMPILATION_CONDITIONS = DEBUG;
				SWIFT_OPTIMIZATION_LEVEL = "-Onone";
			};
			name = Debug;
		};
		EC620DA01FC89EBB00168668 /* Release */ = {
			isa = XCBuildConfiguration;
			buildSettings = {
				ALWAYS_SEARCH_USER_PATHS = NO;
				CLANG_ANALYZER_NONNULL = YES;
				CLANG_ANALYZER_NUMBER_OBJECT_CONVERSION = YES_AGGRESSIVE;
				CLANG_CXX_LANGUAGE_STANDARD = "gnu++14";
				CLANG_CXX_LIBRARY = "libc++";
				CLANG_ENABLE_MODULES = YES;
				CLANG_ENABLE_OBJC_ARC = YES;
				CLANG_WARN_BLOCK_CAPTURE_AUTORELEASING = YES;
				CLANG_WARN_BOOL_CONVERSION = YES;
				CLANG_WARN_COMMA = YES;
				CLANG_WARN_CONSTANT_CONVERSION = YES;
				CLANG_WARN_DIRECT_OBJC_ISA_USAGE = YES_ERROR;
				CLANG_WARN_DOCUMENTATION_COMMENTS = YES;
				CLANG_WARN_EMPTY_BODY = YES;
				CLANG_WARN_ENUM_CONVERSION = YES;
				CLANG_WARN_INFINITE_RECURSION = YES;
				CLANG_WARN_INT_CONVERSION = YES;
				CLANG_WARN_NON_LITERAL_NULL_CONVERSION = YES;
				CLANG_WARN_OBJC_LITERAL_CONVERSION = YES;
				CLANG_WARN_OBJC_ROOT_CLASS = YES_ERROR;
				CLANG_WARN_RANGE_LOOP_ANALYSIS = YES;
				CLANG_WARN_STRICT_PROTOTYPES = YES;
				CLANG_WARN_SUSPICIOUS_MOVE = YES;
				CLANG_WARN_UNGUARDED_AVAILABILITY = YES_AGGRESSIVE;
				CLANG_WARN_UNREACHABLE_CODE = YES;
				CLANG_WARN__DUPLICATE_METHOD_MATCH = YES;
				CODE_SIGN_IDENTITY = "iPhone Developer";
				COPY_PHASE_STRIP = NO;
				DEBUG_INFORMATION_FORMAT = "dwarf-with-dsym";
				ENABLE_NS_ASSERTIONS = NO;
				ENABLE_STRICT_OBJC_MSGSEND = YES;
				GCC_C_LANGUAGE_STANDARD = gnu11;
				GCC_NO_COMMON_BLOCKS = YES;
				GCC_WARN_64_TO_32_BIT_CONVERSION = YES;
				GCC_WARN_ABOUT_RETURN_TYPE = YES_ERROR;
				GCC_WARN_UNDECLARED_SELECTOR = YES;
				GCC_WARN_UNINITIALIZED_AUTOS = YES_AGGRESSIVE;
				GCC_WARN_UNUSED_FUNCTION = YES;
				GCC_WARN_UNUSED_VARIABLE = YES;
				IPHONEOS_DEPLOYMENT_TARGET = 11.1;
				MTL_ENABLE_DEBUG_INFO = NO;
				SDKROOT = iphoneos;
				SWIFT_OPTIMIZATION_LEVEL = "-Owholemodule";
				VALIDATE_PRODUCT = YES;
			};
			name = Release;
		};
		EC620DA21FC89EBB00168668 /* Debug */ = {
			isa = XCBuildConfiguration;
			buildSettings = {
				ASSETCATALOG_COMPILER_APPICON_NAME = AppIcon;
				CODE_SIGN_STYLE = Automatic;
				INFOPLIST_FILE = "SomDePlay/Resources/SomDePlay-info.plist";
				LD_RUNPATH_SEARCH_PATHS = "$(inherited) @executable_path/Frameworks";
				PRODUCT_BUNDLE_IDENTIFIER = Concrete.SomDePlay;
				PRODUCT_NAME = "$(TARGET_NAME)";
				SWIFT_VERSION = 4.0;
				TARGETED_DEVICE_FAMILY = "1,2";
			};
			name = Debug;
		};
		EC620DA31FC89EBB00168668 /* Release */ = {
			isa = XCBuildConfiguration;
			buildSettings = {
				ASSETCATALOG_COMPILER_APPICON_NAME = AppIcon;
				CODE_SIGN_STYLE = Automatic;
				INFOPLIST_FILE = "SomDePlay/Resources/SomDePlay-info.plist";
				LD_RUNPATH_SEARCH_PATHS = "$(inherited) @executable_path/Frameworks";
				PRODUCT_BUNDLE_IDENTIFIER = Concrete.SomDePlay;
				PRODUCT_NAME = "$(TARGET_NAME)";
				SWIFT_VERSION = 4.0;
				TARGETED_DEVICE_FAMILY = "1,2";
			};
			name = Release;
		};
		EC620DA51FC89EBB00168668 /* Debug */ = {
			isa = XCBuildConfiguration;
			buildSettings = {
				ALWAYS_EMBED_SWIFT_STANDARD_LIBRARIES = YES;
				BUNDLE_LOADER = "$(TEST_HOST)";
				CODE_SIGN_STYLE = Automatic;
				INFOPLIST_FILE = SomDePlayTests/Info.plist;
				LD_RUNPATH_SEARCH_PATHS = "$(inherited) @executable_path/Frameworks @loader_path/Frameworks";
				PRODUCT_BUNDLE_IDENTIFIER = Concrete.SomDePlayTests;
				PRODUCT_NAME = "$(TARGET_NAME)";
				SWIFT_VERSION = 4.0;
				TARGETED_DEVICE_FAMILY = "1,2";
				TEST_HOST = "$(BUILT_PRODUCTS_DIR)/SomDePlay.app/SomDePlay";
			};
			name = Debug;
		};
		EC620DA61FC89EBB00168668 /* Release */ = {
			isa = XCBuildConfiguration;
			buildSettings = {
				ALWAYS_EMBED_SWIFT_STANDARD_LIBRARIES = YES;
				BUNDLE_LOADER = "$(TEST_HOST)";
				CODE_SIGN_STYLE = Automatic;
				INFOPLIST_FILE = SomDePlayTests/Info.plist;
				LD_RUNPATH_SEARCH_PATHS = "$(inherited) @executable_path/Frameworks @loader_path/Frameworks";
				PRODUCT_BUNDLE_IDENTIFIER = Concrete.SomDePlayTests;
				PRODUCT_NAME = "$(TARGET_NAME)";
				SWIFT_VERSION = 4.0;
				TARGETED_DEVICE_FAMILY = "1,2";
				TEST_HOST = "$(BUILT_PRODUCTS_DIR)/SomDePlay.app/SomDePlay";
			};
			name = Release;
		};
/* End XCBuildConfiguration section */

/* Begin XCConfigurationList section */
		EC620D7F1FC89EBB00168668 /* Build configuration list for PBXProject "SomDePlay" */ = {
			isa = XCConfigurationList;
			buildConfigurations = (
				EC620D9F1FC89EBB00168668 /* Debug */,
				EC620DA01FC89EBB00168668 /* Release */,
			);
			defaultConfigurationIsVisible = 0;
			defaultConfigurationName = Release;
		};
		EC620DA11FC89EBB00168668 /* Build configuration list for PBXNativeTarget "SomDePlay" */ = {
			isa = XCConfigurationList;
			buildConfigurations = (
				EC620DA21FC89EBB00168668 /* Debug */,
				EC620DA31FC89EBB00168668 /* Release */,
			);
			defaultConfigurationIsVisible = 0;
			defaultConfigurationName = Release;
		};
		EC620DA41FC89EBB00168668 /* Build configuration list for PBXNativeTarget "SomDePlayTests" */ = {
			isa = XCConfigurationList;
			buildConfigurations = (
				EC620DA51FC89EBB00168668 /* Debug */,
				EC620DA61FC89EBB00168668 /* Release */,
			);
			defaultConfigurationIsVisible = 0;
			defaultConfigurationName = Release;
		};
/* End XCConfigurationList section */
	};
	rootObject = EC620D7C1FC89EBB00168668 /* Project object */;
}
